
Microsoft Visual Studio Solution File, Format Version 11.00
# Visual Studio 2010
Project("{FAE04EC0-301F-11D3-BF4B-00C04F79EFBC}") = "L02_AmplifyShaderEditor", "Assembly-CSharp.csproj", "{FA262C02-2560-2093-EECD-C609BF11F845}"
EndProject
Project("{FAE04EC0-301F-11D3-BF4B-00C04F79EFBC}") = "L02_AmplifyShaderEditor", "Assembly-CSharp-Editor.csproj", "{B2C5CBCE-E038-00D7-1E29-67F5B28AE56C}"
EndProject
Global
	GlobalSection(SolutionConfigurationPlatforms) = preSolution
		Debug|Any CPU = Debug|Any CPU
		Release|Any CPU = Release|Any CPU
	EndGlobalSection
	GlobalSection(ProjectConfigurationPlatforms) = postSolution
		{FA262C02-2560-2093-EECD-C609BF11F845}.Debug|Any CPU.ActiveCfg = Debug|Any CPU
		{FA262C02-2560-2093-EECD-C609BF11F845}.Debug|Any CPU.Build.0 = Debug|Any CPU
		{FA262C02-2560-2093-EECD-C609BF11F845}.Release|Any CPU.ActiveCfg = Release|Any CPU
		{FA262C02-2560-2093-EECD-C609BF11F845}.Release|Any CPU.Build.0 = Release|Any CPU
		{B2C5CBCE-E038-00D7-1E29-67F5B28AE56C}.Debug|Any CPU.ActiveCfg = Debug|Any CPU
		{B2C5CBCE-E038-00D7-1E29-67F5B28AE56C}.Debug|Any CPU.Build.0 = Debug|Any CPU
		{B2C5CBCE-E038-00D7-1E29-67F5B28AE56C}.Release|Any CPU.ActiveCfg = Release|Any CPU
		{B2C5CBCE-E038-00D7-1E29-67F5B28AE56C}.Release|Any CPU.Build.0 = Release|Any CPU
	EndGlobalSection
	GlobalSection(SolutionProperties) = preSolution
		HideSolutionNode = FALSE
	EndGlobalSection
	GlobalSection(MonoDevelopProperties) = preSolution
		StartupItem = Assembly-CSharp.csproj
	EndGlobalSection
EndGlobal
